<?xml version="1.0" encoding="utf-8"?>
<Project ToolsVersion="4.0" xmlns="http://schemas.microsoft.com/developer/msbuild/2003">
  <ItemGroup>
    <Filter Include="Source Files">
      <UniqueIdentifier>{4FC737F1-C7A5-4376-A066-2A32D752A2FF}</UniqueIdentifier>
      <Extensions>cpp;cxx;c;def</Extensions>
    </Filter>
    <Filter Include="Header Files">
      <UniqueIdentifier>{93995380-89BD-4b04-88EB-625FBE52EBFB}</UniqueIdentifier>
      <Extensions>h</Extensions>
    </Filter>
    <Filter Include="Form Files">
      <UniqueIdentifier>{99349809-55BA-4b9d-BF79-8FDBB0286EB3}</UniqueIdentifier>
      <Extensions>ui</Extensions>
    </Filter>
    <Filter Include="Resource Files">
      <UniqueIdentifier>{D9D6E242-F8AF-46E4-B9FD-80ECBC20BA3E}</UniqueIdentifier>
      <Extensions>qrc;*</Extensions>
      <ParseFiles>false</ParseFiles>
    </Filter>
    <Filter Include="Generated Files">
      <UniqueIdentifier>{71ED8ED8-ACB9-4CE9-BBE1-E00B30144E11}</UniqueIdentifier>
      <Extensions>moc;h;cpp</Extensions>
      <SourceControlFiles>False</SourceControlFiles>
    </Filter>
    <Filter Include="Generated Files\Debug">
      <UniqueIdentifier>{e9e53e04-4ef7-4f60-b077-40494f1e5d5e}</UniqueIdentifier>
      <Extensions>cpp;moc</Extensions>
      <SourceControlFiles>False</SourceControlFiles>
    </Filter>
    <Filter Include="Generated Files\Release">
      <UniqueIdentifier>{e0e7d1a9-daf9-423f-a583-7023cfe4152c}</UniqueIdentifier>
      <Extensions>cpp;moc</Extensions>
      <SourceControlFiles>False</SourceControlFiles>
    </Filter>
    <Filter Include="Source Files\requests">
      <UniqueIdentifier>{3a3f7830-ad63-4842-a360-bdedc005c47b}</UniqueIdentifier>
    </Filter>
    <Filter Include="Header Files\requests">
      <UniqueIdentifier>{d4ce261c-9c30-4af7-98f6-0829258431ab}</UniqueIdentifier>
    </Filter>
  </ItemGroup>
  <ItemGroup>
    <ClCompile Include="eros.cpp">
      <Filter>Source Files</Filter>
    </ClCompile>
    <ClCompile Include="GeneratedFiles\Debug\moc_eros.cpp">
      <Filter>Generated Files\Debug</Filter>
    </ClCompile>
    <ClCompile Include="GeneratedFiles\Release\moc_eros.cpp">
      <Filter>Generated Files\Release</Filter>
    </ClCompile>
    <ClCompile Include="user.cpp">
      <Filter>Source Files</Filter>
    </ClCompile>
    <ClCompile Include="GeneratedFiles\Debug\moc_user.cpp">
      <Filter>Generated Files\Debug</Filter>
    </ClCompile>
    <ClCompile Include="GeneratedFiles\Release\moc_user.cpp">
      <Filter>Generated Files\Release</Filter>
    </ClCompile>
    <ClCompile Include="character.cpp">
      <Filter>Source Files</Filter>
    </ClCompile>
    <ClCompile Include="GeneratedFiles\Debug\moc_character.cpp">
      <Filter>Generated Files\Debug</Filter>
    </ClCompile>
    <ClCompile Include="GeneratedFiles\Release\moc_character.cpp">
      <Filter>Generated Files\Release</Filter>
    </ClCompile>
    <ClCompile Include="chatroom.cpp">
      <Filter>Source Files</Filter>
    </ClCompile>
    <ClCompile Include="GeneratedFiles\Debug\moc_chatroom.cpp">
      <Filter>Generated Files\Debug</Filter>
    </ClCompile>
    <ClCompile Include="GeneratedFiles\Release\moc_chatroom.cpp">
      <Filter>Generated Files\Release</Filter>
    </ClCompile>
    <ClCompile Include="eros.pb.cc">
      <Filter>Source Files</Filter>
    </ClCompile>
    <ClCompile Include="localuser.cpp">
      <Filter>Source Files</Filter>
    </ClCompile>
    <ClCompile Include="GeneratedFiles\Debug\moc_localuser.cpp">
      <Filter>Generated Files\Debug</Filter>
    </ClCompile>
    <ClCompile Include="GeneratedFiles\Release\moc_localuser.cpp">
      <Filter>Generated Files\Release</Filter>
    </ClCompile>
    <ClCompile Include="request.cpp">
      <Filter>Source Files</Filter>
    </ClCompile>
    <ClCompile Include="GeneratedFiles\Debug\moc_request.cpp">
      <Filter>Generated Files\Debug</Filter>
    </ClCompile>
    <ClCompile Include="GeneratedFiles\Release\moc_request.cpp">
      <Filter>Generated Files\Release</Filter>
    </ClCompile>
    <ClCompile Include="GeneratedFiles\Debug\moc_handshakerequest.cpp">
      <Filter>Generated Files\Debug</Filter>
    </ClCompile>
    <ClCompile Include="GeneratedFiles\Release\moc_handshakerequest.cpp">
      <Filter>Generated Files\Release</Filter>
    </ClCompile>
    <ClCompile Include="requests\handshakerequest.cpp">
      <Filter>Source Files\requests</Filter>
    </ClCompile>
    <ClCompile Include="GeneratedFiles\Debug\moc_pingrequest.cpp">
      <Filter>Generated Files\Debug</Filter>
    </ClCompile>
    <ClCompile Include="GeneratedFiles\Release\moc_pingrequest.cpp">
      <Filter>Generated Files\Release</Filter>
    </ClCompile>
    <ClCompile Include="requests\pingrequest.cpp">
      <Filter>Source Files\requests</Filter>
    </ClCompile>
    <ClCompile Include="GeneratedFiles\Debug\moc_matchmakingqueuerequest.cpp">
      <Filter>Generated Files\Debug</Filter>
    </ClCompile>
    <ClCompile Include="GeneratedFiles\Release\moc_matchmakingqueuerequest.cpp">
      <Filter>Generated Files\Release</Filter>
    </ClCompile>
    <ClCompile Include="requests\matchmakingqueuerequest.cpp">
      <Filter>Source Files\requests</Filter>
    </ClCompile>
    <ClCompile Include="matchmakingmatch.cpp">
      <Filter>Source Files</Filter>
    </ClCompile>
    <ClCompile Include="GeneratedFiles\Debug\moc_matchmakingmatch.cpp">
      <Filter>Generated Files\Debug</Filter>
    </ClCompile>
    <ClCompile Include="GeneratedFiles\Release\moc_matchmakingmatch.cpp">
      <Filter>Generated Files\Release</Filter>
    </ClCompile>
    <ClCompile Include="GeneratedFiles\Debug\moc_privatemessagerequest.cpp">
      <Filter>Generated Files\Debug</Filter>
    </ClCompile>
    <ClCompile Include="GeneratedFiles\Release\moc_privatemessagerequest.cpp">
      <Filter>Generated Files\Release</Filter>
    </ClCompile>
    <ClCompile Include="requests\privatemessagerequest.cpp">
      <Filter>Source Files\requests</Filter>
    </ClCompile>
    <ClCompile Include="GeneratedFiles\Debug\moc_matchmakingdequeuerequest.cpp">
      <Filter>Generated Files\Debug</Filter>
    </ClCompile>
    <ClCompile Include="GeneratedFiles\Release\moc_matchmakingdequeuerequest.cpp">
      <Filter>Generated Files\Release</Filter>
    </ClCompile>
    <ClCompile Include="requests\matchmakingdequeuerequest.cpp">
      <Filter>Source Files\requests</Filter>
    </ClCompile>
    <ClCompile Include="GeneratedFiles\Debug\moc_chatjoinrequest.cpp">
      <Filter>Generated Files\Debug</Filter>
    </ClCompile>
    <ClCompile Include="GeneratedFiles\Release\moc_chatjoinrequest.cpp">
      <Filter>Generated Files\Release</Filter>
    </ClCompile>
    <ClCompile Include="GeneratedFiles\Debug\moc_chatleaverequest.cpp">
      <Filter>Generated Files\Debug</Filter>
    </ClCompile>
    <ClCompile Include="GeneratedFiles\Release\moc_chatleaverequest.cpp">
      <Filter>Generated Files\Release</Filter>
    </ClCompile>
    <ClCompile Include="GeneratedFiles\Debug\moc_chatindexrequest.cpp">
      <Filter>Generated Files\Debug</Filter>
    </ClCompile>
    <ClCompile Include="GeneratedFiles\Release\moc_chatindexrequest.cpp">
      <Filter>Generated Files\Release</Filter>
    </ClCompile>
    <ClCompile Include="requests\chatindexrequest.cpp">
      <Filter>Source Files\requests</Filter>
    </ClCompile>
    <ClCompile Include="requests\chatjoinrequest.cpp">
      <Filter>Source Files\requests</Filter>
    </ClCompile>
    <ClCompile Include="requests\chatleaverequest.cpp">
      <Filter>Source Files\requests</Filter>
    </ClCompile>
    <ClCompile Include="GeneratedFiles\Debug\moc_chatmessagerequest.cpp">
      <Filter>Generated Files\Debug</Filter>
    </ClCompile>
    <ClCompile Include="GeneratedFiles\Release\moc_chatmessagerequest.cpp">
      <Filter>Generated Files\Release</Filter>
    </ClCompile>
    <ClCompile Include="requests\chatmessagerequest.cpp">
      <Filter>Source Files\requests</Filter>
    </ClCompile>
    <ClCompile Include="requests\addcharacterrequest.cpp">
      <Filter>Source Files\requests</Filter>
    </ClCompile>
    <ClCompile Include="GeneratedFiles\Debug\moc_addcharacterrequest.cpp">
      <Filter>Generated Files\Debug</Filter>
    </ClCompile>
    <ClCompile Include="GeneratedFiles\Release\moc_addcharacterrequest.cpp">
      <Filter>Generated Files\Release</Filter>
    </ClCompile>
    <ClCompile Include="requests\updatecharacterrequest.cpp">
      <Filter>Source Files\requests</Filter>
    </ClCompile>
    <ClCompile Include="GeneratedFiles\Debug\moc_updatecharacterrequest.cpp">
      <Filter>Generated Files\Debug</Filter>
    </ClCompile>
    <ClCompile Include="GeneratedFiles\Release\moc_updatecharacterrequest.cpp">
      <Filter>Generated Files\Release</Filter>
    </ClCompile>
    <ClCompile Include="divisions.cpp">
      <Filter>Source Files</Filter>
    </ClCompile>
    <ClCompile Include="GeneratedFiles\Debug\moc_divisions.cpp">
      <Filter>Generated Files\Debug</Filter>
    </ClCompile>
    <ClCompile Include="GeneratedFiles\Release\moc_divisions.cpp">
      <Filter>Generated Files\Release</Filter>
    </ClCompile>
    <ClCompile Include="GeneratedFiles\Debug\moc_removecharacterrequest.cpp">
      <Filter>Generated Files\Debug</Filter>
    </ClCompile>
    <ClCompile Include="GeneratedFiles\Release\moc_removecharacterrequest.cpp">
      <Filter>Generated Files\Release</Filter>
    </ClCompile>
    <ClCompile Include="requests\removecharacterrequest.cpp">
      <Filter>Source Files\requests</Filter>
    </ClCompile>
    <ClCompile Include="requests\uploadreplayrequest.cpp">
      <Filter>Source Files\requests</Filter>
    </ClCompile>
    <ClCompile Include="GeneratedFiles\Debug\moc_uploadreplayrequest.cpp">
      <Filter>Generated Files\Debug</Filter>
    </ClCompile>
    <ClCompile Include="GeneratedFiles\Release\moc_uploadreplayrequest.cpp">
      <Filter>Generated Files\Release</Filter>
    </ClCompile>
  </ItemGroup>
  <ItemGroup>
    <CustomBuild Include="eros.h">
      <Filter>Header Files</Filter>
    </CustomBuild>
    <CustomBuild Include="user.h">
      <Filter>Header Files</Filter>
    </CustomBuild>
    <CustomBuild Include="character.h">
      <Filter>Header Files</Filter>
    </CustomBuild>
    <CustomBuild Include="chatroom.h">
      <Filter>Header Files</Filter>
    </CustomBuild>
    <CustomBuild Include="localuser.h">
      <Filter>Header Files</Filter>
    </CustomBuild>
    <CustomBuild Include="request.h">
      <Filter>Header Files</Filter>
    </CustomBuild>
    <CustomBuild Include="requests\handshakerequest.h">
      <Filter>Header Files\requests</Filter>
    </CustomBuild>
    <CustomBuild Include="requests\pingrequest.h">
      <Filter>Header Files\requests</Filter>
    </CustomBuild>
    <CustomBuild Include="requests\matchmakingqueuerequest.h">
      <Filter>Header Files\requests</Filter>
    </CustomBuild>
    <CustomBuild Include="matchmakingmatch.h">
      <Filter>Header Files</Filter>
    </CustomBuild>
    <CustomBuild Include="requests\privatemessagerequest.h">
      <Filter>Header Files\requests</Filter>
    </CustomBuild>
    <CustomBuild Include="requests\matchmakingdequeuerequest.h">
      <Filter>Header Files\requests</Filter>
    </CustomBuild>
    <CustomBuild Include="requests\chatleaverequest.h">
      <Filter>Header Files\requests</Filter>
    </CustomBuild>
    <CustomBuild Include="requests\chatindexrequest.h">
      <Filter>Header Files\requests</Filter>
    </CustomBuild>
    <CustomBuild Include="requests\chatjoinrequest.h">
      <Filter>Header Files\requests</Filter>
    </CustomBuild>
    <CustomBuild Include="requests\chatmessagerequest.h">
      <Filter>Header Files\requests</Filter>
    </CustomBuild>
    <CustomBuild Include="requests\addcharacterrequest.h">
      <Filter>Header Files\requests</Filter>
    </CustomBuild>
    <CustomBuild Include="requests\updatecharacterrequest.h">
      <Filter>Header Files\requests</Filter>
    </CustomBuild>
    <CustomBuild Include="divisions.h">
      <Filter>Header Files</Filter>
    </CustomBuild>
    <CustomBuild Include="requests\removecharacterrequest.h">
      <Filter>Header Files\requests</Filter>
    </CustomBuild>
    <CustomBuild Include="requests\uploadreplayrequest.h">
      <Filter>Header Files\requests</Filter>
    </CustomBuild>
  </ItemGroup>
  <ItemGroup>
    <ClInclude Include="eros.pb.h">
      <Filter>Header Files</Filter>
    </ClInclude>
    <ClInclude Include="enums.h">
      <Filter>Header Files</Filter>
    </ClInclude>
  </ItemGroup>
</Project>